
Microsoft Visual Studio Solution File, Format Version 12.00
# Visual Studio Version 17
VisualStudioVersion = 17.5.002.0
MinimumVisualStudioVersion = 10.0.40219.1
Project("{9A19103F-16F7-4668-BE54-9A1E7A4F7556}") = "CS01", "CS01.csproj", "{415224B4-729C-418D-B734-F61AFC808127}"
EndProject
Global
	GlobalSection(SolutionConfigurationPlatforms) = preSolution
		Debug|Any CPU = Debug|Any CPU
		Release|Any CPU = Release|Any CPU
	EndGlobalSection
	GlobalSection(ProjectConfigurationPlatforms) = postSolution
		{415224B4-729C-418D-B734-F61AFC808127}.Debug|Any CPU.ActiveCfg = Debug|Any CPU
		{415224B4-729C-418D-B734-F61AFC808127}.Debug|Any CPU.Build.0 = Debug|Any CPU
		{415224B4-729C-418D-B734-F61AFC808127}.Release|Any CPU.ActiveCfg = Release|Any CPU
		{415224B4-729C-418D-B734-F61AFC808127}.Release|Any CPU.Build.0 = Release|Any CPU
	EndGlobalSection
	GlobalSection(SolutionProperties) = preSolution
		HideSolutionNode = FALSE
	EndGlobalSection
	GlobalSection(ExtensibilityGlobals) = postSolution
		SolutionGuid = {CE8C78C3-D4DD-45CD-9F5C-F7CBF93FC62B}
	EndGlobalSection
EndGlobal
